// !$*UTF8*$!
{
	archiveVersion = 1;
	classes = {
	};
	objectVersion = 46;
	objects = {

/* Begin PBXBuildFile section */
		484B1EC81B54EE3400E668B9 /* CollectionHeaderView.swift in Sources */ = {isa = PBXBuildFile; fileRef = 484B1EC71B54EE3400E668B9 /* CollectionHeaderView.swift */; };
		4869D3B51B53720D00F1F123 /* AppDelegate.swift in Sources */ = {isa = PBXBuildFile; fileRef = 4869D3B41B53720D00F1F123 /* AppDelegate.swift */; };
		4869D3BA1B53720D00F1F123 /* Main.storyboard in Resources */ = {isa = PBXBuildFile; fileRef = 4869D3B81B53720D00F1F123 /* Main.storyboard */; };
		4869D3BC1B53720D00F1F123 /* Images.xcassets in Resources */ = {isa = PBXBuildFile; fileRef = 4869D3BB1B53720D00F1F123 /* Images.xcassets */; };
		4869D3BF1B53720D00F1F123 /* LaunchScreen.xib in Resources */ = {isa = PBXBuildFile; fileRef = 4869D3BD1B53720D00F1F123 /* LaunchScreen.xib */; };
		4869D3CB1B53720D00F1F123 /* CollectionViewDemoTests.swift in Sources */ = {isa = PBXBuildFile; fileRef = 4869D3CA1B53720D00F1F123 /* CollectionViewDemoTests.swift */; };
		4889851D1B53BB5D0040FAD2 /* CollectionViewController.swift in Sources */ = {isa = PBXBuildFile; fileRef = 4889851C1B53BB5D0040FAD2 /* CollectionViewController.swift */; };
		48EBB70D1B53E76000E76614 /* fruits.plist in Resources */ = {isa = PBXBuildFile; fileRef = 48EBB70C1B53E76000E76614 /* fruits.plist */; };
		48EBB70F1B53EAFC00E76614 /* Fruit.swift in Sources */ = {isa = PBXBuildFile; fileRef = 48EBB70E1B53EAFC00E76614 /* Fruit.swift */; };
		48EBB7131B53F51F00E76614 /* FruitCollectionViewCell.swift in Sources */ = {isa = PBXBuildFile; fileRef = 48EBB7121B53F51F00E76614 /* FruitCollectionViewCell.swift */; };
/* End PBXBuildFile section */

/* Begin PBXContainerItemProxy section */
		4869D3C51B53720D00F1F123 /* PBXContainerItemProxy */ = {
			isa = PBXContainerItemProxy;
			containerPortal = 4869D3A71B53720D00F1F123 /* Project object */;
			proxyType = 1;
			remoteGlobalIDString = 4869D3AE1B53720D00F1F123;
			remoteInfo = CollectionViewDemo;
		};
/* End PBXContainerItemProxy section */

/* Begin PBXFileReference section */
		484B1EC71B54EE3400E668B9 /* CollectionHeaderView.swift */ = {isa = PBXFileReference; fileEncoding = 4; lastKnownFileType = sourcecode.swift; path = CollectionHeaderView.swift; sourceTree = "<group>"; };
		4869D3AF1B53720D00F1F123 /* CollectionViewDemo.app */ = {isa = PBXFileReference; explicitFileType = wrapper.application; includeInIndex = 0; path = CollectionViewDemo.app; sourceTree = BUILT_PRODUCTS_DIR; };
		4869D3B31B53720D00F1F123 /* Info.plist */ = {isa = PBXFileReference; lastKnownFileType = text.plist.xml; path = Info.plist; sourceTree = "<group>"; };
		4869D3B41B53720D00F1F123 /* AppDelegate.swift */ = {isa = PBXFileReference; lastKnownFileType = sourcecode.swift; path = AppDelegate.swift; sourceTree = "<group>"; };
		4869D3B91B53720D00F1F123 /* Base */ = {isa = PBXFileReference; lastKnownFileType = file.storyboard; name = Base; path = Base.lproj/Main.storyboard; sourceTree = "<group>"; };
		4869D3BB1B53720D00F1F123 /* Images.xcassets */ = {isa = PBXFileReference; lastKnownFileType = folder.assetcatalog; path = Images.xcassets; sourceTree = "<group>"; };
		4869D3BE1B53720D00F1F123 /* Base */ = {isa = PBXFileReference; lastKnownFileType = file.xib; name = Base; path = Base.lproj/LaunchScreen.xib; sourceTree = "<group>"; };
		4869D3C41B53720D00F1F123 /* CollectionViewDemoTests.xctest */ = {isa = PBXFileReference; explicitFileType = wrapper.cfbundle; includeInIndex = 0; path = CollectionViewDemoTests.xctest; sourceTree = BUILT_PRODUCTS_DIR; };
		4869D3C91B53720D00F1F123 /* Info.plist */ = {isa = PBXFileReference; lastKnownFileType = text.plist.xml; path = Info.plist; sourceTree = "<group>"; };
		4869D3CA1B53720D00F1F123 /* CollectionViewDemoTests.swift */ = {isa = PBXFileReference; lastKnownFileType = sourcecode.swift; path = CollectionViewDemoTests.swift; sourceTree = "<group>"; };
		4889851C1B53BB5D0040FAD2 /* CollectionViewController.swift */ = {isa = PBXFileReference; fileEncoding = 4; lastKnownFileType = sourcecode.swift; path = CollectionViewController.swift; sourceTree = "<group>"; };
		48EBB70C1B53E76000E76614 /* fruits.plist */ = {isa = PBXFileReference; fileEncoding = 4; lastKnownFileType = text.plist.xml; path = fruits.plist; sourceTree = "<group>"; };
		48EBB70E1B53EAFC00E76614 /* Fruit.swift */ = {isa = PBXFileReference; fileEncoding = 4; lastKnownFileType = sourcecode.swift; path = Fruit.swift; sourceTree = "<group>"; };
		48EBB7121B53F51F00E76614 /* FruitCollectionViewCell.swift */ = {isa = PBXFileReference; fileEncoding = 4; lastKnownFileType = sourcecode.swift; path = FruitCollectionViewCell.swift; sourceTree = "<group>"; };
/* End PBXFileReference section */

/* Begin PBXFrameworksBuildPhase section */
		4869D3AC1B53720D00F1F123 /* Frameworks */ = {
			isa = PBXFrameworksBuildPhase;
			buildActionMask = 2147483647;
			files = (
			);
			runOnlyForDeploymentPostprocessing = 0;
		};
		4869D3C11B53720D00F1F123 /* Frameworks */ = {
			isa = PBXFrameworksBuildPhase;
			buildActionMask = 2147483647;
			files = (
			);
			runOnlyForDeploymentPostprocessing = 0;
		};
/* End PBXFrameworksBuildPhase section */

/* Begin PBXGroup section */
		4869D3A61B53720D00F1F123 = {
			isa = PBXGroup;
			children = (
				4869D3B11B53720D00F1F123 /* CollectionViewDemo */,
				4869D3C71B53720D00F1F123 /* CollectionViewDemoTests */,
				4869D3B01B53720D00F1F123 /* Products */,
			);
			sourceTree = "<group>";
		};
		4869D3B01B53720D00F1F123 /* Products */ = {
			isa = PBXGroup;
			children = (
				4869D3AF1B53720D00F1F123 /* CollectionViewDemo.app */,
				4869D3C41B53720D00F1F123 /* CollectionViewDemoTests.xctest */,
			);
			name = Products;
			sourceTree = "<group>";
		};
		4869D3B11B53720D00F1F123 /* CollectionViewDemo */ = {
			isa = PBXGroup;
			children = (
				48EBB7181B5419DD00E76614 /* App */,
				48EBB71A1B5419F100E76614 /* Model */,
				48EBB71B1B5419F900E76614 /* View */,
				48EBB7191B5419E600E76614 /* Controller */,
				48EBB70B1B53E74D00E76614 /* Resources */,
				4869D3B21B53720D00F1F123 /* Supporting Files */,
			);
			path = CollectionViewDemo;
			sourceTree = "<group>";
		};
		4869D3B21B53720D00F1F123 /* Supporting Files */ = {
			isa = PBXGroup;
			children = (
				4869D3B31B53720D00F1F123 /* Info.plist */,
			);
			name = "Supporting Files";
			sourceTree = "<group>";
		};
		4869D3C71B53720D00F1F123 /* CollectionViewDemoTests */ = {
			isa = PBXGroup;
			children = (
				4869D3CA1B53720D00F1F123 /* CollectionViewDemoTests.swift */,
				4869D3C81B53720D00F1F123 /* Supporting Files */,
			);
			path = CollectionViewDemoTests;
			sourceTree = "<group>";
		};
		4869D3C81B53720D00F1F123 /* Supporting Files */ = {
			isa = PBXGroup;
			children = (
				4869D3C91B53720D00F1F123 /* Info.plist */,
			);
			name = "Supporting Files";
			sourceTree = "<group>";
		};
		48EBB70B1B53E74D00E76614 /* Resources */ = {
			isa = PBXGroup;
			children = (
				4869D3B81B53720D00F1F123 /* Main.storyboard */,
				4869D3BB1B53720D00F1F123 /* Images.xcassets */,
				4869D3BD1B53720D00F1F123 /* LaunchScreen.xib */,
				48EBB70C1B53E76000E76614 /* fruits.plist */,
			);
			name = Resources;
			sourceTree = "<group>";
		};
		48EBB7181B5419DD00E76614 /* App */ = {
			isa = PBXGroup;
			children = (
				4869D3B41B53720D00F1F123 /* AppDelegate.swift */,
			);
			name = App;
			sourceTree = "<group>";
		};
		48EBB7191B5419E600E76614 /* Controller */ = {
			isa = PBXGroup;
			children = (
				4889851C1B53BB5D0040FAD2 /* CollectionViewController.swift */,
			);
			name = Controller;
			sourceTree = "<group>";
		};
		48EBB71A1B5419F100E76614 /* Model */ = {
			isa = PBXGroup;
			children = (
				48EBB70E1B53EAFC00E76614 /* Fruit.swift */,
			);
			name = Model;
			sourceTree = "<group>";
		};
		48EBB71B1B5419F900E76614 /* View */ = {
			isa = PBXGroup;
			children = (
				48EBB7121B53F51F00E76614 /* FruitCollectionViewCell.swift */,
				484B1EC71B54EE3400E668B9 /* CollectionHeaderView.swift */,
			);
			name = View;
			sourceTree = "<group>";
		};
/* End PBXGroup section */

/* Begin PBXNativeTarget section */
		4869D3AE1B53720D00F1F123 /* CollectionViewDemo */ = {
			isa = PBXNativeTarget;
			buildConfigurationList = 4869D3CE1B53720D00F1F123 /* Build configuration list for PBXNativeTarget "CollectionViewDemo" */;
			buildPhases = (
				4869D3AB1B53720D00F1F123 /* Sources */,
				4869D3AC1B53720D00F1F123 /* Frameworks */,
				4869D3AD1B53720D00F1F123 /* Resources */,
			);
			buildRules = (
			);
			dependencies = (
			);
			name = CollectionViewDemo;
			productName = CollectionViewDemo;
			productReference = 4869D3AF1B53720D00F1F123 /* CollectionViewDemo.app */;
			productType = "com.apple.product-type.application";
		};
		4869D3C31B53720D00F1F123 /* CollectionViewDemoTests */ = {
			isa = PBXNativeTarget;
			buildConfigurationList = 4869D3D11B53720D00F1F123 /* Build configuration list for PBXNativeTarget "CollectionViewDemoTests" */;
			buildPhases = (
				4869D3C01B53720D00F1F123 /* Sources */,
				4869D3C11B53720D00F1F123 /* Frameworks */,
				4869D3C21B53720D00F1F123 /* Resources */,
			);
			buildRules = (
			);
			dependencies = (
				4869D3C61B53720D00F1F123 /* PBXTargetDependency */,
			);
			name = CollectionViewDemoTests;
			productName = CollectionViewDemoTests;
			productReference = 4869D3C41B53720D00F1F123 /* CollectionViewDemoTests.xctest */;
			productType = "com.apple.product-type.bundle.unit-test";
		};
/* End PBXNativeTarget section */

/* Begin PBXProject section */
		4869D3A71B53720D00F1F123 /* Project object */ = {
			isa = PBXProject;
			attributes = {
				LastUpgradeCheck = 0640;
				ORGANIZATIONNAME = "Ravi Shankar";
				TargetAttributes = {
					4869D3AE1B53720D00F1F123 = {
						CreatedOnToolsVersion = 6.4;
					};
					4869D3C31B53720D00F1F123 = {
						CreatedOnToolsVersion = 6.4;
						TestTargetID = 4869D3AE1B53720D00F1F123;
					};
				};
			};
			buildConfigurationList = 4869D3AA1B53720D00F1F123 /* Build configuration list for PBXProject "CollectionViewDemo" */;
			compatibilityVersion = "Xcode 3.2";
			developmentRegion = English;
			hasScannedForEncodings = 0;
			knownRegions = (
				en,
				Base,
			);
			mainGroup = 4869D3A61B53720D00F1F123;
			productRefGroup = 4869D3B01B53720D00F1F123 /* Products */;
			projectDirPath = "";
			projectRoot = "";
			targets = (
				4869D3AE1B53720D00F1F123 /* CollectionViewDemo */,
				4869D3C31B53720D00F1F123 /* CollectionViewDemoTests */,
			);
		};
/* End PBXProject section */

/* Begin PBXResourcesBuildPhase section */
		4869D3AD1B53720D00F1F123 /* Resources */ = {
			isa = PBXResourcesBuildPhase;
			buildActionMask = 2147483647;
			files = (
				4869D3BA1B53720D00F1F123 /* Main.storyboard in Resources */,
				4869D3BF1B53720D00F1F123 /* LaunchScreen.xib in Resources */,
				4869D3BC1B53720D00F1F123 /* Images.xcassets in Resources */,
				48EBB70D1B53E76000E76614 /* fruits.plist in Resources */,
			);
			runOnlyForDeploymentPostprocessing = 0;
		};
		4869D3C21B53720D00F1F123 /* Resources */ = {
			isa = PBXResourcesBuildPhase;
			buildActionMask = 2147483647;
			files = (
			);
			runOnlyForDeploymentPostprocessing = 0;
		};
/* End PBXResourcesBuildPhase section */

/* Begin PBXSourcesBuildPhase section */
		4869D3AB1B53720D00F1F123 /* Sources */ = {
			isa = PBXSourcesBuildPhase;
			buildActionMask = 2147483647;
			files = (
				48EBB70F1B53EAFC00E76614 /* Fruit.swift in Sources */,
				484B1EC81B54EE3400E668B9 /* CollectionHeaderView.swift in Sources */,
				4889851D1B53BB5D0040FAD2 /* CollectionViewController.swift in Sources */,
				4869D3B51B53720D00F1F123 /* AppDelegate.swift in Sources */,
				48EBB7131B53F51F00E76614 /* FruitCollectionViewCell.swift in Sources */,
			);
			runOnlyForDeploymentPostprocessing = 0;
		};
		4869D3C01B53720D00F1F123 /* Sources */ = {
			isa = PBXSourcesBuildPhase;
			buildActionMask = 2147483647;
			files = (
				4869D3CB1B53720D00F1F123 /* CollectionViewDemoTests.swift in Sources */,
			);
			runOnlyForDeploymentPostprocessing = 0;
		};
/* End PBXSourcesBuildPhase section */

/* Begin PBXTargetDependency section */
		4869D3C61B53720D00F1F123 /* PBXTargetDependency */ = {
			isa = PBXTargetDependency;
			target = 4869D3AE1B53720D00F1F123 /* CollectionViewDemo */;
			targetProxy = 4869D3C51B53720D00F1F123 /* PBXContainerItemProxy */;
		};
/* End PBXTargetDependency section */

/* Begin PBXVariantGroup section */
		4869D3B81B53720D00F1F123 /* Main.storyboard */ = {
			isa = PBXVariantGroup;
			children = (
				4869D3B91B53720D00F1F123 /* Base */,
			);
			name = Main.storyboard;
			sourceTree = "<group>";
		};
		4869D3BD1B53720D00F1F123 /* LaunchScreen.xib */ = {
			isa = PBXVariantGroup;
			children = (
				4869D3BE1B53720D00F1F123 /* Base */,
			);
			name = LaunchScreen.xib;
			sourceTree = "<group>";
		};
/* End PBXVariantGroup section */

/* Begin XCBuildConfiguration section */
		4869D3CC1B53720D00F1F123 /* Debug */ = {
			isa = XCBuildConfiguration;
			buildSettings = {
				ALWAYS_SEARCH_USER_PATHS = NO;
				CLANG_CXX_LANGUAGE_STANDARD = "gnu++0x";
				CLANG_CXX_LIBRARY = "libc++";
				CLANG_ENABLE_MODULES = YES;
				CLANG_ENABLE_OBJC_ARC = YES;
				CLANG_WARN_BOOL_CONVERSION = YES;
				CLANG_WARN_CONSTANT_CONVERSION = YES;
				CLANG_WARN_DIRECT_OBJC_ISA_USAGE = YES_ERROR;
				CLANG_WARN_EMPTY_BODY = YES;
				CLANG_WARN_ENUM_CONVERSION = YES;
				CLANG_WARN_INT_CONVERSION = YES;
				CLANG_WARN_OBJC_ROOT_CLASS = YES_ERROR;
				CLANG_WARN_UNREACHABLE_CODE = YES;
				CLANG_WARN__DUPLICATE_METHOD_MATCH = YES;
				"CODE_SIGN_IDENTITY[sdk=iphoneos*]" = "iPhone Developer";
				COPY_PHASE_STRIP = NO;
				DEBUG_INFORMATION_FORMAT = "dwarf-with-dsym";
				ENABLE_STRICT_OBJC_MSGSEND = YES;
				GCC_C_LANGUAGE_STANDARD = gnu99;
				GCC_DYNAMIC_NO_PIC = NO;
				GCC_NO_COMMON_BLOCKS = YES;
				GCC_OPTIMIZATION_LEVEL = 0;
				GCC_PREPROCESSOR_DEFINITIONS = (
					"DEBUG=1",
					"$(inherited)",
				);
				GCC_SYMBOLS_PRIVATE_EXTERN = NO;
				GCC_WARN_64_TO_32_BIT_CONVERSION = YES;
				GCC_WARN_ABOUT_RETURN_TYPE = YES_ERROR;
				GCC_WARN_UNDECLARED_SELECTOR = YES;
				GCC_WARN_UNINITIALIZED_AUTOS = YES_AGGRESSIVE;
				GCC_WARN_UNUSED_FUNCTION = YES;
				GCC_WARN_UNUSED_VARIABLE = YES;
				IPHONEOS_DEPLOYMENT_TARGET = 8.4;
				MTL_ENABLE_DEBUG_INFO = YES;
				ONLY_ACTIVE_ARCH = YES;
				SDKROOT = iphoneos;
				SWIFT_OPTIMIZATION_LEVEL = "-Onone";
			};
			name = Debug;
		};
		4869D3CD1B53720D00F1F123 /* Release */ = {
			isa = XCBuildConfiguration;
			buildSettings = {
				ALWAYS_SEARCH_USER_PATHS = NO;
				CLANG_CXX_LANGUAGE_STANDARD = "gnu++0x";
				CLANG_CXX_LIBRARY = "libc++";
				CLANG_ENABLE_MODULES = YES;
				CLANG_ENABLE_OBJC_ARC = YES;
				CLANG_WARN_BOOL_CONVERSION = YES;
				CLANG_WARN_CONSTANT_CONVERSION = YES;
				CLANG_WARN_DIRECT_OBJC_ISA_USAGE = YES_ERROR;
				CLANG_WARN_EMPTY_BODY = YES;
				CLANG_WARN_ENUM_CONVERSION = YES;
				CLANG_WARN_INT_CONVERSION = YES;
				CLANG_WARN_OBJC_ROOT_CLASS = YES_ERROR;
				CLANG_WARN_UNREACHABLE_CODE = YES;
				CLANG_WARN__DUPLICATE_METHOD_MATCH = YES;
				"CODE_SIGN_IDENTITY[sdk=iphoneos*]" = "iPhone Developer";
				COPY_PHASE_STRIP = NO;
				DEBUG_INFORMATION_FORMAT = "dwarf-with-dsym";
				ENABLE_NS_ASSERTIONS = NO;
				ENABLE_STRICT_OBJC_MSGSEND = YES;
				GCC_C_LANGUAGE_STANDARD = gnu99;
				GCC_NO_COMMON_BLOCKS = YES;
				GCC_WARN_64_TO_32_BIT_CONVERSION = YES;
				GCC_WARN_ABOUT_RETURN_TYPE = YES_ERROR;
				GCC_WARN_UNDECLARED_SELECTOR = YES;
				GCC_WARN_UNINITIALIZED_AUTOS = YES_AGGRESSIVE;
				GCC_WARN_UNUSED_FUNCTION = YES;
				GCC_WARN_UNUSED_VARIABLE = YES;
				IPHONEOS_DEPLOYMENT_TARGET = 8.4;
				MTL_ENABLE_DEBUG_INFO = NO;
				SDKROOT = iphoneos;
				VALIDATE_PRODUCT = YES;
			};
			name = Release;
		};
		4869D3CF1B53720D00F1F123 /* Debug */ = {
			isa = XCBuildConfiguration;
			buildSettings = {
				ASSETCATALOG_COMPILER_APPICON_NAME = AppIcon;
				INFOPLIST_FILE = CollectionViewDemo/Info.plist;
				LD_RUNPATH_SEARCH_PATHS = "$(inherited) @executable_path/Frameworks";
				PRODUCT_NAME = "$(TARGET_NAME)";
			};
			name = Debug;
		};
		4869D3D01B53720D00F1F123 /* Release */ = {
			isa = XCBuildConfiguration;
			buildSettings = {
				ASSETCATALOG_COMPILER_APPICON_NAME = AppIcon;
				INFOPLIST_FILE = CollectionViewDemo/Info.plist;
				LD_RUNPATH_SEARCH_PATHS = "$(inherited) @executable_path/Frameworks";
				PRODUCT_NAME = "$(TARGET_NAME)";
			};
			name = Release;
		};
		4869D3D21B53720D00F1F123 /* Debug */ = {
			isa = XCBuildConfiguration;
			buildSettings = {
				BUNDLE_LOADER = "$(TEST_HOST)";
				FRAMEWORK_SEARCH_PATHS = (
					"$(SDKROOT)/Developer/Library/Frameworks",
					"$(inherited)",
				);
				GCC_PREPROCESSOR_DEFINITIONS = (
					"DEBUG=1",
					"$(inherited)",
				);
				INFOPLIST_FILE = CollectionViewDemoTests/Info.plist;
				LD_RUNPATH_SEARCH_PATHS = "$(inherited) @executable_path/Frameworks @loader_path/Frameworks";
				PRODUCT_NAME = "$(TARGET_NAME)";
				TEST_HOST = "$(BUILT_PRODUCTS_DIR)/CollectionViewDemo.app/CollectionViewDemo";
			};
			name = Debug;
		};
		4869D3D31B53720D00F1F123 /* Release */ = {
			isa = XCBuildConfiguration;
			buildSettings = {
				BUNDLE_LOADER = "$(TEST_HOST)";
				FRAMEWORK_SEARCH_PATHS = (
					"$(SDKROOT)/Developer/Library/Frameworks",
					"$(inherited)",
				);
				INFOPLIST_FILE = CollectionViewDemoTests/Info.plist;
				LD_RUNPATH_SEARCH_PATHS = "$(inherited) @executable_path/Frameworks @loader_path/Frameworks";
				PRODUCT_NAME = "$(TARGET_NAME)";
				TEST_HOST = "$(BUILT_PRODUCTS_DIR)/CollectionViewDemo.app/CollectionViewDemo";
			};
			name = Release;
		};
/* End XCBuildConfiguration section */

/* Begin XCConfigurationList section */
		4869D3AA1B53720D00F1F123 /* Build configuration list for PBXProject "CollectionViewDemo" */ = {
			isa = XCConfigurationList;
			buildConfigurations = (
				4869D3CC1B53720D00F1F123 /* Debug */,
				4869D3CD1B53720D00F1F123 /* Release */,
			);
			defaultConfigurationIsVisible = 0;
			defaultConfigurationName = Release;
		};
		4869D3CE1B53720D00F1F123 /* Build configuration list for PBXNativeTarget "CollectionViewDemo" */ = {
			isa = XCConfigurationList;
			buildConfigurations = (
				4869D3CF1B53720D00F1F123 /* Debug */,
				4869D3D01B53720D00F1F123 /* Release */,
			);
			defaultConfigurationIsVisible = 0;
			defaultConfigurationName = Release;
		};
		4869D3D11B53720D00F1F123 /* Build configuration list for PBXNativeTarget "CollectionViewDemoTests" */ = {
			isa = XCConfigurationList;
			buildConfigurations = (
				4869D3D21B53720D00F1F123 /* Debug */,
				4869D3D31B53720D00F1F123 /* Release */,
			);
			defaultConfigurationIsVisible = 0;
			defaultConfigurationName = Release;
		};
/* End XCConfigurationList section */
	};
	rootObject = 4869D3A71B53720D00F1F123 /* Project object */;
}
